PODS:
  - AFNetworking (3.2.1):
    - AFNetworking/NSURLSession (= 3.2.1)
    - AFNetworking/Reachability (= 3.2.1)
    - AFNetworking/Security (= 3.2.1)
    - AFNetworking/Serialization (= 3.2.1)
    - AFNetworking/UIKit (= 3.2.1)
  - AFNetworking/NSURLSession (3.2.1):
    - AFNetworking/Reachability
    - AFNetworking/Security
    - AFNetworking/Serialization
  - AFNetworking/Reachability (3.2.1)
  - AFNetworking/Security (3.2.1)
  - AFNetworking/Serialization (3.2.1)
  - AFNetworking/UIKit (3.2.1):
    - AFNetworking/NSURLSession
  - CocoaLumberjack/Default (3.4.2)
  - Crashlytics (3.13.4):
    - Fabric (~> 1.10.2)
  - CSNotificationView (0.5.5)
  - CSNotificationView-AFNetworking (0.1.0):
    - AFNetworking (~> 3.0)
    - CSNotificationView (~> 0.5)
  - DZNEmptyDataSet (1.8.1)
  - ECSlidingViewController (2.0.3)
  - EGOCache (2.2.0)
  - Expecta (1.0.6)
  - Fabric (1.10.2)
  - FSImageViewer (4.0):
    - AFNetworking (~> 3.0)
    - EGOCache (~> 2.1)
    - UAProgressView (~> 0.1)
  - InAppSettingsKit (2.12)
  - MarqueeLabel-ObjC (3.3.0)
  - Specta (1.0.7)
  - UAProgressView (0.1.4)

DEPENDENCIES:
  - AFNetworking
  - CocoaLumberjack/Default
  - Crashlytics (~> 3.13.4)
  - CSNotificationView (from `https://github.com/Ewg777/CSNotificationView.git`)
  - CSNotificationView-AFNetworking (from `https://github.com/ValCapri/CSNotificationView-AFNetworking.git`, branch `develop`)
  - DZNEmptyDataSet
  - ECSlidingViewController (from `https://github.com/ValCapri/ECSlidingViewController.git`, branch `develop`)
  - Expecta
  - Fabric (~> 1.10.2)
  - FSImageViewer (from `https://github.com/discepolo/FSImageViewer.git`)
  - InAppSettingsKit (>= 2.0.1)
  - MarqueeLabel-ObjC
  - Specta

SPEC REPOS:
  https://github.com/cocoapods/specs.git:
    - AFNetworking
    - CocoaLumberjack
    - Crashlytics
    - DZNEmptyDataSet
    - EGOCache
    - Expecta
    - Fabric
    - InAppSettingsKit
    - MarqueeLabel-ObjC
    - Specta
    - UAProgressView

EXTERNAL SOURCES:
  CSNotificationView:
    :git: https://github.com/Ewg777/CSNotificationView.git
  CSNotificationView-AFNetworking:
    :branch: develop
    :git: https://github.com/ValCapri/CSNotificationView-AFNetworking.git
  ECSlidingViewController:
    :branch: develop
    :git: https://github.com/ValCapri/ECSlidingViewController.git
  FSImageViewer:
    :git: https://github.com/discepolo/FSImageViewer.git

CHECKOUT OPTIONS:
  CSNotificationView:
    :commit: 3c0db1cded9197e82909829218b1582346d4bae4
    :git: https://github.com/Ewg777/CSNotificationView.git
  CSNotificationView-AFNetworking:
    :commit: 334093744bd168816ef44f15aa041042c6a0a0c4
    :git: https://github.com/ValCapri/CSNotificationView-AFNetworking.git
  ECSlidingViewController:
    :commit: b306b8a1f578505810092f6badd4c6b2e6522a4b
    :git: https://github.com/ValCapri/ECSlidingViewController.git
  FSImageViewer:
    :commit: 0035d0f776fab8cd42b24f0a6056a054a18aa7f7
    :git: https://github.com/discepolo/FSImageViewer.git

SPEC CHECKSUMS:
  AFNetworking: b6f891fdfaed196b46c7a83cf209e09697b94057
  CocoaLumberjack: db7cc9e464771f12054c22ff6947c5a58d43a0fd
  Crashlytics: 2dfd686bcb918dc10ee0e76f7f853fe42c7bd552
  CSNotificationView: ea9d98fa7dde7e99673b6cb4c922b7957624b235
  CSNotificationView-AFNetworking: 810e830094731dd3e4685429d21ae164c7c1e4a2
  DZNEmptyDataSet: 9525833b9e68ac21c30253e1d3d7076cc828eaa7
  ECSlidingViewController: 6485c14f23b4487e9946535421ca8f111f86cc53
  EGOCache: 191fd213da6804d487b49b1a91772ba904f3e324
  Expecta: 3b6bd90a64b9a1dcb0b70aa0e10a7f8f631667d5
  Fabric: 706c8b8098fff96c33c0db69cbf81f9c551d0d74
  FSImageViewer: 413101afdd973f1233832ab136f41b1a74d6da0b
  InAppSettingsKit: 363ed5ea061ebcb76d69ca1eed08c8a4fe48baf2
  MarqueeLabel-ObjC: 696eaa82e4fcc7fb53e4fdf37ac138f03bf022d6
  Specta: 3e1bd89c3517421982dc4d1c992503e48bd5fe66
  UAProgressView: 6796f5aa05037fb2940521636163b9db40a6c534

PODFILE CHECKSUM: 07cc2bc707d7eb0c3fcefd40b952b948d78994e5

COCOAPODS: 1.7.5
