PODS:
  - AFNetworking (1.3.3)
  - ECSlidingViewController (0.10.0)
  - EGOTableViewPullRefresh (0.2.0)
  - InAppSettingsKit (2.0)
  - MarqueeLabel (1.2.3)
  - TestFlightSDK (2.1.1-beta)

DEPENDENCIES:
  - AFNetworking (from `https://github.com/AFNetworking/AFNetworking.git`, branch `1.x`)
  - ECSlidingViewController (from `https://github.com/ValCapri/ECSlidingViewController.git`)
  - EGOTableViewPullRefresh (from `https://github.com/ValCapri/EGOTableViewPullRefresh.git`)
  - InAppSettingsKit (>= 2.0)
  - MarqueeLabel (>= 1.2)
  - TestFlightSDK (>= 2.0.2)

EXTERNAL SOURCES:
  AFNetworking:
    :branch: 1.x
    :git: https://github.com/AFNetworking/AFNetworking.git
  ECSlidingViewController:
    :git: https://github.com/ValCapri/ECSlidingViewController.git
  EGOTableViewPullRefresh:
    :git: https://github.com/ValCapri/EGOTableViewPullRefresh.git

SPEC CHECKSUMS:
  AFNetworking: 2296b05928ffd402227205fb6f1e5a94c1f03a73
  ECSlidingViewController: fc9a9a6564d4a64c0d8c7cf5583d2b9a469ecd04
  EGOTableViewPullRefresh: cce824eda661307dd567218301e652977d3ac663
  InAppSettingsKit: 2b85ba925a81634860461c21274f54b130c84614
  MarqueeLabel: bcdb527d55db00c6e45b47ff60408c40e2900648
  TestFlightSDK: dea28c16f0bf65c49c4ed8939b2ae0b0ed9bf8b0

COCOAPODS: 0.22.1
