PODS:
  - AFNetworking (2.6.3):
    - AFNetworking/NSURLConnection (= 2.6.3)
    - AFNetworking/NSURLSession (= 2.6.3)
    - AFNetworking/Reachability (= 2.6.3)
    - AFNetworking/Security (= 2.6.3)
    - AFNetworking/Serialization (= 2.6.3)
    - AFNetworking/UIKit (= 2.6.3)
  - AFNetworking/NSURLConnection (2.6.3):
    - AFNetworking/Reachability
    - AFNetworking/Security
    - AFNetworking/Serialization
  - AFNetworking/NSURLSession (2.6.3):
    - AFNetworking/Reachability
    - AFNetworking/Security
    - AFNetworking/Serialization
  - AFNetworking/Reachability (2.6.3)
  - AFNetworking/Security (2.6.3)
  - AFNetworking/Serialization (2.6.3)
  - AFNetworking/UIKit (2.6.3):
    - AFNetworking/NSURLConnection
    - AFNetworking/NSURLSession
  - CocoaLumberjack/Core (2.4.0)
  - CocoaLumberjack/Default (2.4.0):
    - CocoaLumberjack/Core
  - Crashlytics (3.8.5):
    - Fabric (~> 1.6.3)
  - CrashlyticsLumberjack (2.0.5):
    - CocoaLumberjack/Default (~> 2.2)
    - Crashlytics
  - CSNotificationView (0.5.4)
  - CSNotificationView-AFNetworking (0.1.0):
    - AFNetworking (~> 2.5)
    - CSNotificationView (~> 0.5)
  - DZNEmptyDataSet (1.8.1)
  - ECSlidingViewController (2.0.3)
  - EGOCache (2.1.3)
  - Expecta (1.0.6)
  - Fabric (1.6.12)
  - FSImageViewer (3.4):
    - AFNetworking (~> 2.5)
    - EGOCache (~> 2.1)
    - UAProgressView (~> 0.1)
  - InAppSettingsKit (2.8.1)
  - MarqueeLabel (3.1.2):
    - MarqueeLabel/ObjC (= 3.1.2)
  - MarqueeLabel/ObjC (3.1.2)
  - Sidecar (2.0.0)
  - Specta (1.0.6)
  - UAProgressView (0.1.3)

DEPENDENCIES:
  - AFNetworking
  - CocoaLumberjack/Default
  - Crashlytics
  - CrashlyticsLumberjack (~> 2.0.0)
  - CSNotificationView
  - CSNotificationView-AFNetworking (from `https://github.com/ValCapri/CSNotificationView-AFNetworking.git`)
  - DZNEmptyDataSet
  - ECSlidingViewController (from `https://github.com/ValCapri/ECSlidingViewController.git`, branch `develop`)
  - Expecta
  - FSImageViewer (~> 3.4)
  - InAppSettingsKit (>= 2.0.1)
  - MarqueeLabel (>= 2.0.0)
  - Sidecar
  - Specta

EXTERNAL SOURCES:
  CSNotificationView-AFNetworking:
    :git: https://github.com/ValCapri/CSNotificationView-AFNetworking.git
  ECSlidingViewController:
    :branch: develop
    :git: https://github.com/ValCapri/ECSlidingViewController.git

CHECKOUT OPTIONS:
  CSNotificationView-AFNetworking:
    :commit: 15b433f4cef713b3cc1f42feba14084775bd6802
    :git: https://github.com/ValCapri/CSNotificationView-AFNetworking.git
  ECSlidingViewController:
    :commit: b306b8a1f578505810092f6badd4c6b2e6522a4b
    :git: https://github.com/ValCapri/ECSlidingViewController.git

SPEC CHECKSUMS:
  AFNetworking: cb8d14a848e831097108418f5d49217339d4eb60
  CocoaLumberjack: aa9dcab71bdf9eaf2a63bbd9ddc87863efe45457
  Crashlytics: dfbae35ef22ca189240d230ad501feea4ee85d2d
  CrashlyticsLumberjack: bdcc53dfcf6f05282fb9652cfa242328b4bccf13
  CSNotificationView: 0792f5220163c2befaf1a9716aa3d5a7d6bd4fb1
  CSNotificationView-AFNetworking: 1c35c0a07b56c5e367fd1b27a5f1e3289c33faf1
  DZNEmptyDataSet: 9525833b9e68ac21c30253e1d3d7076cc828eaa7
  ECSlidingViewController: 6485c14f23b4487e9946535421ca8f111f86cc53
  EGOCache: f0295dbe041156acabd39021354ad1045ee49e72
  Expecta: 3b6bd90a64b9a1dcb0b70aa0e10a7f8f631667d5
  Fabric: f050464eac45a2ce5a8e6e6a07e977c0df32fe28
  FSImageViewer: 0dea92069cce74a800b75cb8777c923f2be59124
  InAppSettingsKit: 94d2fba3ccd700fc4e32c6d09fabcc0af2426744
  MarqueeLabel: fcd7057a779422d86589be759036f1510b08c6a0
  Sidecar: 8eb888a6f052a7a6244abb043e5f7d3c898d2cb1
  Specta: f506f3a8361de16bc0dcf3b17b75e269072ba465
  UAProgressView: ce49aee47c14df6dc372f6fd57852f570ca97e6b

PODFILE CHECKSUM: 13f8a9112c163d9eab876102a34b3b272db5b833

COCOAPODS: 1.3.1
